
Microsoft Visual Studio Solution File, Format Version 12.00
# Visual Studio Version 17
VisualStudioVersion = 17.3.32929.385
MinimumVisualStudioVersion = 10.0.40219.1
Project("{FAE04EC0-301F-11D3-BF4B-00C04F79EFBC}") = "Proje", "Proje.csproj", "{EA432F7B-883F-4A18-BE60-C6768DA4BDC7}"
EndProject
Project("{54435603-DBB4-11D2-8724-00A0C9A8B90C}") = "ProjeSetup", "..\ProjeSetup\ProjeSetup.vdproj", "{072F54CF-923E-4D44-B7D7-E47915C49632}"
EndProject
Global
	GlobalSection(SolutionConfigurationPlatforms) = preSolution
		Debug|Any CPU = Debug|Any CPU
		Release|Any CPU = Release|Any CPU
	EndGlobalSection
	GlobalSection(ProjectConfigurationPlatforms) = postSolution
		{EA432F7B-883F-4A18-BE60-C6768DA4BDC7}.Debug|Any CPU.ActiveCfg = Release|Any CPU
		{EA432F7B-883F-4A18-BE60-C6768DA4BDC7}.Debug|Any CPU.Build.0 = Release|Any CPU
		{EA432F7B-883F-4A18-BE60-C6768DA4BDC7}.Release|Any CPU.ActiveCfg = Release|Any CPU
		{EA432F7B-883F-4A18-BE60-C6768DA4BDC7}.Release|Any CPU.Build.0 = Release|Any CPU
		{072F54CF-923E-4D44-B7D7-E47915C49632}.Debug|Any CPU.ActiveCfg = Release
		{072F54CF-923E-4D44-B7D7-E47915C49632}.Release|Any CPU.ActiveCfg = Release
	EndGlobalSection
	GlobalSection(SolutionProperties) = preSolution
		HideSolutionNode = FALSE
	EndGlobalSection
	GlobalSection(ExtensibilityGlobals) = postSolution
		SolutionGuid = {C6912A33-FC00-4ABF-8BCF-B7074FBC46E4}
	EndGlobalSection
EndGlobal
